
Microsoft Visual Studio Solution File, Format Version 12.00
# Visual Studio Version 17
VisualStudioVersion = 17.3.32804.467
MinimumVisualStudioVersion = 10.0.40219.1
Project("{FAE04EC0-301F-11D3-BF4B-00C04F79EFBC}") = "TrueFalseEditor", "TrueFalseEditor\TrueFalseEditor.csproj", "{F4BA7629-07C3-49B1-917F-83572FF69E91}"
EndProject
Project("{FAE04EC0-301F-11D3-BF4B-00C04F79EFBC}") = "Reflex", "Re\Reflex.csproj", "{FC0DFA2D-64DA-4EF6-B281-60203D9F6E44}"
EndProject
Global
	GlobalSection(SolutionConfigurationPlatforms) = preSolution
		Debug|Any CPU = Debug|Any CPU
		Release|Any CPU = Release|Any CPU
	EndGlobalSection
	GlobalSection(ProjectConfigurationPlatforms) = postSolution
		{F4BA7629-07C3-49B1-917F-83572FF69E91}.Debug|Any CPU.ActiveCfg = Debug|Any CPU
		{F4BA7629-07C3-49B1-917F-83572FF69E91}.Debug|Any CPU.Build.0 = Debug|Any CPU
		{F4BA7629-07C3-49B1-917F-83572FF69E91}.Release|Any CPU.ActiveCfg = Release|Any CPU
		{F4BA7629-07C3-49B1-917F-83572FF69E91}.Release|Any CPU.Build.0 = Release|Any CPU
		{FC0DFA2D-64DA-4EF6-B281-60203D9F6E44}.Debug|Any CPU.ActiveCfg = Debug|Any CPU
		{FC0DFA2D-64DA-4EF6-B281-60203D9F6E44}.Debug|Any CPU.Build.0 = Debug|Any CPU
		{FC0DFA2D-64DA-4EF6-B281-60203D9F6E44}.Release|Any CPU.ActiveCfg = Release|Any CPU
		{FC0DFA2D-64DA-4EF6-B281-60203D9F6E44}.Release|Any CPU.Build.0 = Release|Any CPU
	EndGlobalSection
	GlobalSection(SolutionProperties) = preSolution
		HideSolutionNode = FALSE
	EndGlobalSection
	GlobalSection(ExtensibilityGlobals) = postSolution
		SolutionGuid = {0B9D5755-D073-4640-8177-B9E36763DAEC}
	EndGlobalSection
EndGlobal
